{
  "version": "4",
  "specifiers": {
    "npm:@vercel/sdk@*": "1.10.0_zod@3.25.76",
    "npm:p-limit@*": "6.2.0"
  },
  "npm": {
    "@vercel/sdk@1.10.0_zod@3.25.76": {
      "integrity": "sha512-Z3bTFhDkQoEt2wviWxbvmkrkTPxVCYZaRlkV2Y3O/oRwVRnYiZ1tAK7NkjnSNtc19vARRkEAma/DfiaqVMlPzQ==",
      "dependencies": [
        "zod"
      ]
    },
    "p-limit@6.2.0": {
      "integrity": "sha512-kuUqqHNUqoIWp/c467RI4X6mmyuojY5jGutNU0wVTmEOOfcuwLqyMVoAi9MKi2Ak+5i9+nhmrK4ufZE8069kHA==",
      "dependencies": [
        "yocto-queue"
      ]
    },
    "yocto-queue@1.2.1": {
      "integrity": "sha512-AyeEbWOu/TAXdxlV9wmGcR0+yh2j3vYPGOECcIj2S7MkrLyC7ne+oye2BKTItt0ii2PHk4cDy+95+LshzbXnGg=="
    },
    "zod@3.25.76": {
      "integrity": "sha512-gzUt/qt81nXsFGKIFcC3YnfEAx5NkunCfnDlvuBSSFS02bcXu4Lmea0AFIUwbLWxWPx3d9p8S5QoaujKcNQxcQ=="
    }
  },
  "workspace": {
    "dependencies": [
      "npm:@vercel/sdk@*",
      "npm:p-limit@*"
    ]
  }
}
