{
  "name": "wordle",
  "lockfileVersion": 3,
  "requires": true,
  "packages": {
    "": {
      "dependencies": {
        "@vercel/sdk": "^1.10.0"
      }
    },
    "node_modules/@vercel/sdk": {
      "version": "1.10.0",
      "resolved": "https://registry.npmjs.org/@vercel/sdk/-/sdk-1.10.0.tgz",
      "integrity": "sha512-Z3bTFhDkQoEt2wviWxbvmkrkTPxVCYZaRlkV2Y3O/oRwVRnYiZ1tAK7NkjnSNtc19vARRkEAma/DfiaqVMlPzQ==",
      "bin": {
        "mcp": "bin/mcp-server.js"
      },
      "peerDependencies": {
        "@modelcontextprotocol/sdk": ">=1.5.0 <1.10.0",
        "zod": "^3"
      },
      "peerDependenciesMeta": {
        "@modelcontextprotocol/sdk": {
          "optional": true
        }
      }
    },
    "node_modules/zod": {
      "version": "3.25.76",
      "resolved": "https://registry.npmjs.org/zod/-/zod-3.25.76.tgz",
      "integrity": "sha512-gzUt/qt81nXsFGKIFcC3YnfEAx5NkunCfnDlvuBSSFS02bcXu4Lmea0AFIUwbLWxWPx3d9p8S5QoaujKcNQxcQ==",
      "license": "MIT",
      "peer": true,
      "funding": {
        "url": "https://github.com/sponsors/colinhacks"
      }
    }
  }
}
